
Microsoft Visual Studio Solution File, Format Version 12.00
# Visual Studio 15
Project("{FAE04EC0-301F-11D3-BF4B-00C04F79EFBC}") = "TripLog.Android", "TripLog.Android\TripLog.Android.csproj", "{082B59AD-F213-498F-BA8D-C00E7758ED65}"
EndProject
Project("{FAE04EC0-301F-11D3-BF4B-00C04F79EFBC}") = "TripLog.iOS", "TripLog.iOS\TripLog.iOS.csproj", "{90D04ADC-C406-4910-AA18-98F8A5F41ED5}"
EndProject
Project("{FAE04EC0-301F-11D3-BF4B-00C04F79EFBC}") = "TripLog.UITests", "TripLog.UITests\TripLog.UITests.csproj", "{76C2DACA-2A7A-40E7-9C3A-B7D8951B8458}"
EndProject
Project("{FAE04EC0-301F-11D3-BF4B-00C04F79EFBC}") = "TripLog", "TripLog\TripLog.csproj", "{BB7F1EAC-177B-4DFA-9A2B-DF7AAF64246D}"
EndProject
Project("{2150E333-8FDC-42A3-9474-1A3956D46DE8}") = "Tests", "Tests", "{13B06DE8-ACD4-487E-89FD-04CE9675CB4F}"
EndProject
Project("{FAE04EC0-301F-11D3-BF4B-00C04F79EFBC}") = "TripLog.Tests", "TripLog.Tests\TripLog.Tests.csproj", "{700BAA1D-9EB8-46A6-9576-563BEE94FD52}"
EndProject
Global
	GlobalSection(SolutionConfigurationPlatforms) = preSolution
		Debug|Any CPU = Debug|Any CPU
		Release|Any CPU = Release|Any CPU
		Debug|iPhoneSimulator = Debug|iPhoneSimulator
		Release|iPhoneSimulator = Release|iPhoneSimulator
		Debug|iPhone = Debug|iPhone
		Release|iPhone = Release|iPhone
	EndGlobalSection
	GlobalSection(ProjectConfigurationPlatforms) = postSolution
		{082B59AD-F213-498F-BA8D-C00E7758ED65}.Debug|Any CPU.ActiveCfg = Debug|Any CPU
		{082B59AD-F213-498F-BA8D-C00E7758ED65}.Debug|Any CPU.Build.0 = Debug|Any CPU
		{082B59AD-F213-498F-BA8D-C00E7758ED65}.Release|Any CPU.ActiveCfg = Release|Any CPU
		{082B59AD-F213-498F-BA8D-C00E7758ED65}.Release|Any CPU.Build.0 = Release|Any CPU
		{082B59AD-F213-498F-BA8D-C00E7758ED65}.Debug|iPhoneSimulator.ActiveCfg = Debug|Any CPU
		{082B59AD-F213-498F-BA8D-C00E7758ED65}.Debug|iPhoneSimulator.Build.0 = Debug|Any CPU
		{082B59AD-F213-498F-BA8D-C00E7758ED65}.Release|iPhoneSimulator.ActiveCfg = Release|Any CPU
		{082B59AD-F213-498F-BA8D-C00E7758ED65}.Release|iPhoneSimulator.Build.0 = Release|Any CPU
		{082B59AD-F213-498F-BA8D-C00E7758ED65}.Debug|iPhone.ActiveCfg = Debug|Any CPU
		{082B59AD-F213-498F-BA8D-C00E7758ED65}.Debug|iPhone.Build.0 = Debug|Any CPU
		{082B59AD-F213-498F-BA8D-C00E7758ED65}.Release|iPhone.ActiveCfg = Release|Any CPU
		{082B59AD-F213-498F-BA8D-C00E7758ED65}.Release|iPhone.Build.0 = Release|Any CPU
		{90D04ADC-C406-4910-AA18-98F8A5F41ED5}.Debug|Any CPU.ActiveCfg = Debug|iPhoneSimulator
		{90D04ADC-C406-4910-AA18-98F8A5F41ED5}.Debug|Any CPU.Build.0 = Debug|iPhoneSimulator
		{90D04ADC-C406-4910-AA18-98F8A5F41ED5}.Release|Any CPU.ActiveCfg = Release|iPhoneSimulator
		{90D04ADC-C406-4910-AA18-98F8A5F41ED5}.Release|Any CPU.Build.0 = Release|iPhoneSimulator
		{90D04ADC-C406-4910-AA18-98F8A5F41ED5}.Debug|iPhoneSimulator.ActiveCfg = Debug|iPhoneSimulator
		{90D04ADC-C406-4910-AA18-98F8A5F41ED5}.Debug|iPhoneSimulator.Build.0 = Debug|iPhoneSimulator
		{90D04ADC-C406-4910-AA18-98F8A5F41ED5}.Release|iPhoneSimulator.ActiveCfg = Release|iPhoneSimulator
		{90D04ADC-C406-4910-AA18-98F8A5F41ED5}.Release|iPhoneSimulator.Build.0 = Release|iPhoneSimulator
		{90D04ADC-C406-4910-AA18-98F8A5F41ED5}.Debug|iPhone.ActiveCfg = Debug|iPhone
		{90D04ADC-C406-4910-AA18-98F8A5F41ED5}.Debug|iPhone.Build.0 = Debug|iPhone
		{90D04ADC-C406-4910-AA18-98F8A5F41ED5}.Release|iPhone.ActiveCfg = Release|iPhone
		{90D04ADC-C406-4910-AA18-98F8A5F41ED5}.Release|iPhone.Build.0 = Release|iPhone
		{76C2DACA-2A7A-40E7-9C3A-B7D8951B8458}.Debug|Any CPU.ActiveCfg = Debug|Any CPU
		{76C2DACA-2A7A-40E7-9C3A-B7D8951B8458}.Debug|Any CPU.Build.0 = Debug|Any CPU
		{76C2DACA-2A7A-40E7-9C3A-B7D8951B8458}.Release|Any CPU.ActiveCfg = Release|Any CPU
		{76C2DACA-2A7A-40E7-9C3A-B7D8951B8458}.Release|Any CPU.Build.0 = Release|Any CPU
		{76C2DACA-2A7A-40E7-9C3A-B7D8951B8458}.Debug|iPhoneSimulator.ActiveCfg = Debug|Any CPU
		{76C2DACA-2A7A-40E7-9C3A-B7D8951B8458}.Debug|iPhoneSimulator.Build.0 = Debug|Any CPU
		{76C2DACA-2A7A-40E7-9C3A-B7D8951B8458}.Release|iPhoneSimulator.ActiveCfg = Release|Any CPU
		{76C2DACA-2A7A-40E7-9C3A-B7D8951B8458}.Release|iPhoneSimulator.Build.0 = Release|Any CPU
		{76C2DACA-2A7A-40E7-9C3A-B7D8951B8458}.Debug|iPhone.ActiveCfg = Debug|Any CPU
		{76C2DACA-2A7A-40E7-9C3A-B7D8951B8458}.Debug|iPhone.Build.0 = Debug|Any CPU
		{76C2DACA-2A7A-40E7-9C3A-B7D8951B8458}.Release|iPhone.ActiveCfg = Release|Any CPU
		{76C2DACA-2A7A-40E7-9C3A-B7D8951B8458}.Release|iPhone.Build.0 = Release|Any CPU
		{BB7F1EAC-177B-4DFA-9A2B-DF7AAF64246D}.Debug|Any CPU.ActiveCfg = Debug|Any CPU
		{BB7F1EAC-177B-4DFA-9A2B-DF7AAF64246D}.Debug|Any CPU.Build.0 = Debug|Any CPU
		{BB7F1EAC-177B-4DFA-9A2B-DF7AAF64246D}.Release|Any CPU.ActiveCfg = Release|Any CPU
		{BB7F1EAC-177B-4DFA-9A2B-DF7AAF64246D}.Release|Any CPU.Build.0 = Release|Any CPU
		{BB7F1EAC-177B-4DFA-9A2B-DF7AAF64246D}.Debug|iPhoneSimulator.ActiveCfg = Debug|Any CPU
		{BB7F1EAC-177B-4DFA-9A2B-DF7AAF64246D}.Debug|iPhoneSimulator.Build.0 = Debug|Any CPU
		{BB7F1EAC-177B-4DFA-9A2B-DF7AAF64246D}.Release|iPhoneSimulator.ActiveCfg = Release|Any CPU
		{BB7F1EAC-177B-4DFA-9A2B-DF7AAF64246D}.Release|iPhoneSimulator.Build.0 = Release|Any CPU
		{BB7F1EAC-177B-4DFA-9A2B-DF7AAF64246D}.Debug|iPhone.ActiveCfg = Debug|Any CPU
		{BB7F1EAC-177B-4DFA-9A2B-DF7AAF64246D}.Debug|iPhone.Build.0 = Debug|Any CPU
		{BB7F1EAC-177B-4DFA-9A2B-DF7AAF64246D}.Release|iPhone.ActiveCfg = Release|Any CPU
		{BB7F1EAC-177B-4DFA-9A2B-DF7AAF64246D}.Release|iPhone.Build.0 = Release|Any CPU
		{700BAA1D-9EB8-46A6-9576-563BEE94FD52}.Debug|Any CPU.ActiveCfg = Debug|Any CPU
		{700BAA1D-9EB8-46A6-9576-563BEE94FD52}.Debug|Any CPU.Build.0 = Debug|Any CPU
		{700BAA1D-9EB8-46A6-9576-563BEE94FD52}.Release|Any CPU.ActiveCfg = Release|Any CPU
		{700BAA1D-9EB8-46A6-9576-563BEE94FD52}.Release|Any CPU.Build.0 = Release|Any CPU
		{700BAA1D-9EB8-46A6-9576-563BEE94FD52}.Debug|iPhoneSimulator.ActiveCfg = Debug|Any CPU
		{700BAA1D-9EB8-46A6-9576-563BEE94FD52}.Debug|iPhoneSimulator.Build.0 = Debug|Any CPU
		{700BAA1D-9EB8-46A6-9576-563BEE94FD52}.Release|iPhoneSimulator.ActiveCfg = Release|Any CPU
		{700BAA1D-9EB8-46A6-9576-563BEE94FD52}.Release|iPhoneSimulator.Build.0 = Release|Any CPU
		{700BAA1D-9EB8-46A6-9576-563BEE94FD52}.Debug|iPhone.ActiveCfg = Debug|Any CPU
		{700BAA1D-9EB8-46A6-9576-563BEE94FD52}.Debug|iPhone.Build.0 = Debug|Any CPU
		{700BAA1D-9EB8-46A6-9576-563BEE94FD52}.Release|iPhone.ActiveCfg = Release|Any CPU
		{700BAA1D-9EB8-46A6-9576-563BEE94FD52}.Release|iPhone.Build.0 = Release|Any CPU
	EndGlobalSection
	GlobalSection(NestedProjects) = preSolution
		{700BAA1D-9EB8-46A6-9576-563BEE94FD52} = {13B06DE8-ACD4-487E-89FD-04CE9675CB4F}
	EndGlobalSection
EndGlobal
